Microsoft Visual Studio Solution File, Format Version 12.00
# Visual Studio Version 17
VisualStudioVersion = 17.5.2.0
MinimumVisualStudioVersion = 10.0.40219.1
Project("{FAE04EC0-301F-11D3-BF4B-00C04F79EFBC}") = "Tracker", "Tracker\Tracker.csproj", "{B6955038-DBF6-1A81-7629-E6069B63D632}"
EndProject
Global
	GlobalSection(SolutionConfigurationPlatforms) = preSolution
		Debug|Any CPU = Debug|Any CPU
		Release|Any CPU = Release|Any CPU
	EndGlobalSection
	GlobalSection(ProjectConfigurationPlatforms) = postSolution
		{B6955038-DBF6-1A81-7629-E6069B63D632}.Debug|Any CPU.ActiveCfg = Debug|Any CPU
		{B6955038-DBF6-1A81-7629-E6069B63D632}.Debug|Any CPU.Build.0 = Debug|Any CPU
		{B6955038-DBF6-1A81-7629-E6069B63D632}.Release|Any CPU.ActiveCfg = Release|Any CPU
		{B6955038-DBF6-1A81-7629-E6069B63D632}.Release|Any CPU.Build.0 = Release|Any CPU
	EndGlobalSection
	GlobalSection(SolutionProperties) = preSolution
		HideSolutionNode = FALSE
	EndGlobalSection
	GlobalSection(ExtensibilityGlobals) = postSolution
		SolutionGuid = {6AED9667-52D0-4292-8FA6-CC52F7561AA9}
	EndGlobalSection
EndGlobal
